
Microsoft Visual Studio Solution File, Format Version 12.00
# Visual Studio Version 17
VisualStudioVersion = 17.3.32922.545
MinimumVisualStudioVersion = 10.0.40219.1
Project("{FAE04EC0-301F-11D3-BF4B-00C04F79EFBC}") = "BSMLStudio", "BSMLStudio.csproj", "{BFA4FF91-82D9-4F53-A91F-B63E2F4387FD}"
EndProject
Global
	GlobalSection(SolutionConfigurationPlatforms) = preSolution
		Debug|Any CPU = Debug|Any CPU
		Release|Any CPU = Release|Any CPU
	EndGlobalSection
	GlobalSection(ProjectConfigurationPlatforms) = postSolution
		{BFA4FF91-82D9-4F53-A91F-B63E2F4387FD}.Debug|Any CPU.ActiveCfg = Debug|Any CPU
		{BFA4FF91-82D9-4F53-A91F-B63E2F4387FD}.Debug|Any CPU.Build.0 = Debug|Any CPU
		{BFA4FF91-82D9-4F53-A91F-B63E2F4387FD}.Release|Any CPU.ActiveCfg = Release|Any CPU
		{BFA4FF91-82D9-4F53-A91F-B63E2F4387FD}.Release|Any CPU.Build.0 = Release|Any CPU
	EndGlobalSection
	GlobalSection(SolutionProperties) = preSolution
		HideSolutionNode = FALSE
	EndGlobalSection
	GlobalSection(ExtensibilityGlobals) = postSolution
		SolutionGuid = {AA8E0814-6711-4170-B36E-B86E82D0BB56}
	EndGlobalSection
EndGlobal
