
Microsoft Visual Studio Solution File, Format Version 12.00
# Visual Studio Version 17
VisualStudioVersion = 17.1.32210.238
MinimumVisualStudioVersion = 10.0.40219.1
Project("{FAE04EC0-301F-11D3-BF4B-00C04F79EFBC}") = "EchoServer", "EchoServer.csproj", "{BC1951CD-910F-4A93-B212-EE7CA64BE4FB}"
EndProject
Global
	GlobalSection(SolutionConfigurationPlatforms) = preSolution
		Debug|Any CPU = Debug|Any CPU
		Release|Any CPU = Release|Any CPU
	EndGlobalSection
	GlobalSection(ProjectConfigurationPlatforms) = postSolution
		{BC1951CD-910F-4A93-B212-EE7CA64BE4FB}.Debug|Any CPU.ActiveCfg = Debug|Any CPU
		{BC1951CD-910F-4A93-B212-EE7CA64BE4FB}.Debug|Any CPU.Build.0 = Debug|Any CPU
		{BC1951CD-910F-4A93-B212-EE7CA64BE4FB}.Release|Any CPU.ActiveCfg = Release|Any CPU
		{BC1951CD-910F-4A93-B212-EE7CA64BE4FB}.Release|Any CPU.Build.0 = Release|Any CPU
	EndGlobalSection
	GlobalSection(SolutionProperties) = preSolution
		HideSolutionNode = FALSE
	EndGlobalSection
	GlobalSection(ExtensibilityGlobals) = postSolution
		SolutionGuid = {87A95B55-7496-47F9-A692-7C22A7772559}
	EndGlobalSection
EndGlobal
